// !$*UTF8*$!
{
	archiveVersion = 1;
	classes = {
	};
	objectVersion = 42;
	objects = {

/* Begin PBXBuildFile section */
		BBAB23CB13894F3D00AA2426 /* GLUT.framework in CopyFiles */ = {isa = PBXBuildFile; fileRef = BBAB23BE13894E4700AA2426 /* GLUT.framework */; };
		E4328149138ABC9F0047C5CB /* openFrameworksDebug.a in Frameworks */ = {isa = PBXBuildFile; fileRef = E4328148138ABC890047C5CB /* openFrameworksDebug.a */; };
		E45BE97B0E8CC7DD009D7055 /* AGL.framework in Frameworks */ = {isa = PBXBuildFile; fileRef = E45BE9710E8CC7DD009D7055 /* AGL.framework */; };
		E45BE97C0E8CC7DD009D7055 /* ApplicationServices.framework in Frameworks */ = {isa = PBXBuildFile; fileRef = E45BE9720E8CC7DD009D7055 /* ApplicationServices.framework */; };
		E45BE97D0E8CC7DD009D7055 /* AudioToolbox.framework in Frameworks */ = {isa = PBXBuildFile; fileRef = E45BE9730E8CC7DD009D7055 /* AudioToolbox.framework */; };
		E45BE97E0E8CC7DD009D7055 /* Carbon.framework in Frameworks */ = {isa = PBXBuildFile; fileRef = E45BE9740E8CC7DD009D7055 /* Carbon.framework */; };
		E45BE97F0E8CC7DD009D7055 /* CoreAudio.framework in Frameworks */ = {isa = PBXBuildFile; fileRef = E45BE9750E8CC7DD009D7055 /* CoreAudio.framework */; };
		E45BE9800E8CC7DD009D7055 /* CoreFoundation.framework in Frameworks */ = {isa = PBXBuildFile; fileRef = E45BE9760E8CC7DD009D7055 /* CoreFoundation.framework */; };
		E45BE9810E8CC7DD009D7055 /* CoreServices.framework in Frameworks */ = {isa = PBXBuildFile; fileRef = E45BE9770E8CC7DD009D7055 /* CoreServices.framework */; };
		E45BE9830E8CC7DD009D7055 /* OpenGL.framework in Frameworks */ = {isa = PBXBuildFile; fileRef = E45BE9790E8CC7DD009D7055 /* OpenGL.framework */; };
		E45BE9840E8CC7DD009D7055 /* QuickTime.framework in Frameworks */ = {isa = PBXBuildFile; fileRef = E45BE97A0E8CC7DD009D7055 /* QuickTime.framework */; };
		E4B69E200A3A1BDC003C02F2 /* main.cpp in Sources */ = {isa = PBXBuildFile; fileRef = E4B69E1D0A3A1BDC003C02F2 /* main.cpp */; };
		E4B69E210A3A1BDC003C02F2 /* testApp.cpp in Sources */ = {isa = PBXBuildFile; fileRef = E4B69E1E0A3A1BDC003C02F2 /* testApp.cpp */; };
		E4C2424710CC5A17004149E2 /* AppKit.framework in Frameworks */ = {isa = PBXBuildFile; fileRef = E4C2424410CC5A17004149E2 /* AppKit.framework */; };
		E4C2424810CC5A17004149E2 /* Cocoa.framework in Frameworks */ = {isa = PBXBuildFile; fileRef = E4C2424510CC5A17004149E2 /* Cocoa.framework */; };
		E4C2424910CC5A17004149E2 /* IOKit.framework in Frameworks */ = {isa = PBXBuildFile; fileRef = E4C2424610CC5A17004149E2 /* IOKit.framework */; };
		E4EB6799138ADC1D00A09F29 /* GLUT.framework in Frameworks */ = {isa = PBXBuildFile; fileRef = BBAB23BE13894E4700AA2426 /* GLUT.framework */; };
		FDB0739F1572713C00FD605E /* libicudata.a in Frameworks */ = {isa = PBXBuildFile; fileRef = FDB073931572713B00FD605E /* libicudata.a */; };
		FDB073A01572713C00FD605E /* libicui18n.a in Frameworks */ = {isa = PBXBuildFile; fileRef = FDB073941572713B00FD605E /* libicui18n.a */; };
		FDB073A11572713C00FD605E /* libicuio.a in Frameworks */ = {isa = PBXBuildFile; fileRef = FDB073951572713B00FD605E /* libicuio.a */; };
		FDB073A21572713C00FD605E /* libicule.a in Frameworks */ = {isa = PBXBuildFile; fileRef = FDB073961572713B00FD605E /* libicule.a */; };
		FDB073A31572713C00FD605E /* libiculx.a in Frameworks */ = {isa = PBXBuildFile; fileRef = FDB073971572713B00FD605E /* libiculx.a */; };
		FDB073A41572713C00FD605E /* libicutest.a in Frameworks */ = {isa = PBXBuildFile; fileRef = FDB073981572713B00FD605E /* libicutest.a */; };
		FDB073A51572713C00FD605E /* libicutu.a in Frameworks */ = {isa = PBXBuildFile; fileRef = FDB073991572713B00FD605E /* libicutu.a */; };
		FDB073A61572713C00FD605E /* libicuuc.a in Frameworks */ = {isa = PBXBuildFile; fileRef = FDB0739A1572713B00FD605E /* libicuuc.a */; };
/* End PBXBuildFile section */

/* Begin PBXContainerItemProxy section */
		E4328147138ABC890047C5CB /* PBXContainerItemProxy */ = {
			isa = PBXContainerItemProxy;
			containerPortal = E4328143138ABC890047C5CB /* openFrameworksLib.xcodeproj */;
			proxyType = 2;
			remoteGlobalIDString = E4B27C1510CBEB8E00536013;
			remoteInfo = openFrameworks;
		};
		E4EEB9AB138B136A00A80321 /* PBXContainerItemProxy */ = {
			isa = PBXContainerItemProxy;
			containerPortal = E4328143138ABC890047C5CB /* openFrameworksLib.xcodeproj */;
			proxyType = 1;
			remoteGlobalIDString = E4B27C1410CBEB8E00536013;
			remoteInfo = openFrameworks;
		};
/* End PBXContainerItemProxy section */

/* Begin PBXCopyFilesBuildPhase section */
		E4C2427710CC5ABF004149E2 /* CopyFiles */ = {
			isa = PBXCopyFilesBuildPhase;
			buildActionMask = 2147483647;
			dstPath = "";
			dstSubfolderSpec = 10;
			files = (
				BBAB23CB13894F3D00AA2426 /* GLUT.framework in CopyFiles */,
			);
			runOnlyForDeploymentPostprocessing = 0;
		};
/* End PBXCopyFilesBuildPhase section */

/* Begin PBXFileReference section */
		BBAB23BE13894E4700AA2426 /* GLUT.framework */ = {isa = PBXFileReference; lastKnownFileType = wrapper.framework; name = GLUT.framework; path = ../../../libs/glut/lib/osx/GLUT.framework; sourceTree = "<group>"; };
		E4328143138ABC890047C5CB /* openFrameworksLib.xcodeproj */ = {isa = PBXFileReference; lastKnownFileType = "wrapper.pb-project"; name = openFrameworksLib.xcodeproj; path = ../../../libs/openFrameworksCompiled/project/osx/openFrameworksLib.xcodeproj; sourceTree = SOURCE_ROOT; };
		E45BE9710E8CC7DD009D7055 /* AGL.framework */ = {isa = PBXFileReference; lastKnownFileType = wrapper.framework; name = AGL.framework; path = /System/Library/Frameworks/AGL.framework; sourceTree = "<absolute>"; };
		E45BE9720E8CC7DD009D7055 /* ApplicationServices.framework */ = {isa = PBXFileReference; lastKnownFileType = wrapper.framework; name = ApplicationServices.framework; path = /System/Library/Frameworks/ApplicationServices.framework; sourceTree = "<absolute>"; };
		E45BE9730E8CC7DD009D7055 /* AudioToolbox.framework */ = {isa = PBXFileReference; lastKnownFileType = wrapper.framework; name = AudioToolbox.framework; path = /System/Library/Frameworks/AudioToolbox.framework; sourceTree = "<absolute>"; };
		E45BE9740E8CC7DD009D7055 /* Carbon.framework */ = {isa = PBXFileReference; lastKnownFileType = wrapper.framework; name = Carbon.framework; path = /System/Library/Frameworks/Carbon.framework; sourceTree = "<absolute>"; };
		E45BE9750E8CC7DD009D7055 /* CoreAudio.framework */ = {isa = PBXFileReference; lastKnownFileType = wrapper.framework; name = CoreAudio.framework; path = /System/Library/Frameworks/CoreAudio.framework; sourceTree = "<absolute>"; };
		E45BE9760E8CC7DD009D7055 /* CoreFoundation.framework */ = {isa = PBXFileReference; lastKnownFileType = wrapper.framework; name = CoreFoundation.framework; path = /System/Library/Frameworks/CoreFoundation.framework; sourceTree = "<absolute>"; };
		E45BE9770E8CC7DD009D7055 /* CoreServices.framework */ = {isa = PBXFileReference; lastKnownFileType = wrapper.framework; name = CoreServices.framework; path = /System/Library/Frameworks/CoreServices.framework; sourceTree = "<absolute>"; };
		E45BE9790E8CC7DD009D7055 /* OpenGL.framework */ = {isa = PBXFileReference; lastKnownFileType = wrapper.framework; name = OpenGL.framework; path = /System/Library/Frameworks/OpenGL.framework; sourceTree = "<absolute>"; };
		E45BE97A0E8CC7DD009D7055 /* QuickTime.framework */ = {isa = PBXFileReference; lastKnownFileType = wrapper.framework; name = QuickTime.framework; path = /System/Library/Frameworks/QuickTime.framework; sourceTree = "<absolute>"; };
		E4B69B5B0A3A1756003C02F2 /* ofxUnicodeExampleDebug.app */ = {isa = PBXFileReference; explicitFileType = wrapper.application; includeInIndex = 0; path = ofxUnicodeExampleDebug.app; sourceTree = BUILT_PRODUCTS_DIR; };
		E4B69E1D0A3A1BDC003C02F2 /* main.cpp */ = {isa = PBXFileReference; fileEncoding = 30; lastKnownFileType = sourcecode.cpp.cpp; name = main.cpp; path = src/main.cpp; sourceTree = SOURCE_ROOT; };
		E4B69E1E0A3A1BDC003C02F2 /* testApp.cpp */ = {isa = PBXFileReference; explicitFileType = sourcecode.cpp.cpp; fileEncoding = 4; name = testApp.cpp; path = src/testApp.cpp; sourceTree = SOURCE_ROOT; };
		E4B69E1F0A3A1BDC003C02F2 /* testApp.h */ = {isa = PBXFileReference; fileEncoding = 30; lastKnownFileType = sourcecode.c.h; name = testApp.h; path = src/testApp.h; sourceTree = SOURCE_ROOT; };
		E4B6FCAD0C3E899E008CF71C /* openFrameworks-Info.plist */ = {isa = PBXFileReference; fileEncoding = 30; lastKnownFileType = text.plist.xml; path = "openFrameworks-Info.plist"; sourceTree = "<group>"; };
		E4C2424410CC5A17004149E2 /* AppKit.framework */ = {isa = PBXFileReference; lastKnownFileType = wrapper.framework; name = AppKit.framework; path = /System/Library/Frameworks/AppKit.framework; sourceTree = "<absolute>"; };
		E4C2424510CC5A17004149E2 /* Cocoa.framework */ = {isa = PBXFileReference; lastKnownFileType = wrapper.framework; name = Cocoa.framework; path = /System/Library/Frameworks/Cocoa.framework; sourceTree = "<absolute>"; };
		E4C2424610CC5A17004149E2 /* IOKit.framework */ = {isa = PBXFileReference; lastKnownFileType = wrapper.framework; name = IOKit.framework; path = /System/Library/Frameworks/IOKit.framework; sourceTree = "<absolute>"; };
		E4EB691F138AFCF100A09F29 /* CoreOF.xcconfig */ = {isa = PBXFileReference; fileEncoding = 4; lastKnownFileType = text.xcconfig; name = CoreOF.xcconfig; path = ../../../libs/openFrameworksCompiled/project/osx/CoreOF.xcconfig; sourceTree = SOURCE_ROOT; };
		E4EB6923138AFD0F00A09F29 /* Project.xcconfig */ = {isa = PBXFileReference; fileEncoding = 4; lastKnownFileType = text.xcconfig; path = Project.xcconfig; sourceTree = "<group>"; };
		FDB072DC1572713B00FD605E /* LayoutEngine.h */ = {isa = PBXFileReference; fileEncoding = 4; lastKnownFileType = sourcecode.c.h; path = LayoutEngine.h; sourceTree = "<group>"; };
		FDB072DD1572713B00FD605E /* LEFontInstance.h */ = {isa = PBXFileReference; fileEncoding = 4; lastKnownFileType = sourcecode.c.h; path = LEFontInstance.h; sourceTree = "<group>"; };
		FDB072DE1572713B00FD605E /* LEGlyphFilter.h */ = {isa = PBXFileReference; fileEncoding = 4; lastKnownFileType = sourcecode.c.h; path = LEGlyphFilter.h; sourceTree = "<group>"; };
		FDB072DF1572713B00FD605E /* LEGlyphStorage.h */ = {isa = PBXFileReference; fileEncoding = 4; lastKnownFileType = sourcecode.c.h; path = LEGlyphStorage.h; sourceTree = "<group>"; };
		FDB072E01572713B00FD605E /* LEInsertionList.h */ = {isa = PBXFileReference; fileEncoding = 4; lastKnownFileType = sourcecode.c.h; path = LEInsertionList.h; sourceTree = "<group>"; };
		FDB072E11572713B00FD605E /* LELanguages.h */ = {isa = PBXFileReference; fileEncoding = 4; lastKnownFileType = sourcecode.c.h; path = LELanguages.h; sourceTree = "<group>"; };
		FDB072E21572713B00FD605E /* LEScripts.h */ = {isa = PBXFileReference; fileEncoding = 4; lastKnownFileType = sourcecode.c.h; path = LEScripts.h; sourceTree = "<group>"; };
		FDB072E31572713B00FD605E /* LESwaps.h */ = {isa = PBXFileReference; fileEncoding = 4; lastKnownFileType = sourcecode.c.h; path = LESwaps.h; sourceTree = "<group>"; };
		FDB072E41572713B00FD605E /* LETypes.h */ = {isa = PBXFileReference; fileEncoding = 4; lastKnownFileType = sourcecode.c.h; path = LETypes.h; sourceTree = "<group>"; };
		FDB072E51572713B00FD605E /* loengine.h */ = {isa = PBXFileReference; fileEncoding = 4; lastKnownFileType = sourcecode.c.h; path = loengine.h; sourceTree = "<group>"; };
		FDB072E61572713B00FD605E /* ParagraphLayout.h */ = {isa = PBXFileReference; fileEncoding = 4; lastKnownFileType = sourcecode.c.h; path = ParagraphLayout.h; sourceTree = "<group>"; };
		FDB072E71572713B00FD605E /* playout.h */ = {isa = PBXFileReference; fileEncoding = 4; lastKnownFileType = sourcecode.c.h; path = playout.h; sourceTree = "<group>"; };
		FDB072E81572713B00FD605E /* plruns.h */ = {isa = PBXFileReference; fileEncoding = 4; lastKnownFileType = sourcecode.c.h; path = plruns.h; sourceTree = "<group>"; };
		FDB072E91572713B00FD605E /* RunArrays.h */ = {isa = PBXFileReference; fileEncoding = 4; lastKnownFileType = sourcecode.c.h; path = RunArrays.h; sourceTree = "<group>"; };
		FDB072EB1572713B00FD605E /* alphaindex.h */ = {isa = PBXFileReference; fileEncoding = 4; lastKnownFileType = sourcecode.c.h; path = alphaindex.h; sourceTree = "<group>"; };
		FDB072EC1572713B00FD605E /* appendable.h */ = {isa = PBXFileReference; fileEncoding = 4; lastKnownFileType = sourcecode.c.h; path = appendable.h; sourceTree = "<group>"; };
		FDB072ED1572713B00FD605E /* basictz.h */ = {isa = PBXFileReference; fileEncoding = 4; lastKnownFileType = sourcecode.c.h; path = basictz.h; sourceTree = "<group>"; };
		FDB072EE1572713B00FD605E /* bms.h */ = {isa = PBXFileReference; fileEncoding = 4; lastKnownFileType = sourcecode.c.h; path = bms.h; sourceTree = "<group>"; };
		FDB072EF1572713B00FD605E /* bmsearch.h */ = {isa = PBXFileReference; fileEncoding = 4; lastKnownFileType = sourcecode.c.h; path = bmsearch.h; sourceTree = "<group>"; };
		FDB072F01572713B00FD605E /* brkiter.h */ = {isa = PBXFileReference; fileEncoding = 4; lastKnownFileType = sourcecode.c.h; path = brkiter.h; sourceTree = "<group>"; };
		FDB072F11572713B00FD605E /* bytestream.h */ = {isa = PBXFileReference; fileEncoding = 4; lastKnownFileType = sourcecode.c.h; path = bytestream.h; sourceTree = "<group>"; };
		FDB072F21572713B00FD605E /* bytestrie.h */ = {isa = PBXFileReference; fileEncoding = 4; lastKnownFileType = sourcecode.c.h; path = bytestrie.h; sourceTree = "<group>"; };
		FDB072F31572713B00FD605E /* bytestriebuilder.h */ = {isa = PBXFileReference; fileEncoding = 4; lastKnownFileType = sourcecode.c.h; path = bytestriebuilder.h; sourceTree = "<group>"; };
		FDB072F41572713B00FD605E /* calendar.h */ = {isa = PBXFileReference; fileEncoding = 4; lastKnownFileType = sourcecode.c.h; path = calendar.h; sourceTree = "<group>"; };
		FDB072F51572713B00FD605E /* caniter.h */ = {isa = PBXFileReference; fileEncoding = 4; lastKnownFileType = sourcecode.c.h; path = caniter.h; sourceTree = "<group>"; };
		FDB072F61572713B00FD605E /* chariter.h */ = {isa = PBXFileReference; fileEncoding = 4; lastKnownFileType = sourcecode.c.h; path = chariter.h; sourceTree = "<group>"; };
		FDB072F71572713B00FD605E /* choicfmt.h */ = {isa = PBXFileReference; fileEncoding = 4; lastKnownFileType = sourcecode.c.h; path = choicfmt.h; sourceTree = "<group>"; };
		FDB072F81572713B00FD605E /* coleitr.h */ = {isa = PBXFileReference; fileEncoding = 4; lastKnownFileType = sourcecode.c.h; path = coleitr.h; sourceTree = "<group>"; };
		FDB072F91572713B00FD605E /* coll.h */ = {isa = PBXFileReference; fileEncoding = 4; lastKnownFileType = sourcecode.c.h; path = coll.h; sourceTree = "<group>"; };
		FDB072FA1572713B00FD605E /* colldata.h */ = {isa = PBXFileReference; fileEncoding = 4; lastKnownFileType = sourcecode.c.h; path = colldata.h; sourceTree = "<group>"; };
		FDB072FB1572713B00FD605E /* curramt.h */ = {isa = PBXFileReference; fileEncoding = 4; lastKnownFileType = sourcecode.c.h; path = curramt.h; sourceTree = "<group>"; };
		FDB072FC1572713B00FD605E /* currpinf.h */ = {isa = PBXFileReference; fileEncoding = 4; lastKnownFileType = sourcecode.c.h; path = currpinf.h; sourceTree = "<group>"; };
		FDB072FD1572713B00FD605E /* currunit.h */ = {isa = PBXFileReference; fileEncoding = 4; lastKnownFileType = sourcecode.c.h; path = currunit.h; sourceTree = "<group>"; };
		FDB072FE1572713B00FD605E /* datefmt.h */ = {isa = PBXFileReference; fileEncoding = 4; lastKnownFileType = sourcecode.c.h; path = datefmt.h; sourceTree = "<group>"; };
		FDB072FF1572713B00FD605E /* dbbi.h */ = {isa = PBXFileReference; fileEncoding = 4; lastKnownFileType = sourcecode.c.h; path = dbbi.h; sourceTree = "<group>"; };
		FDB073001572713B00FD605E /* dcfmtsym.h */ = {isa = PBXFileReference; fileEncoding = 4; lastKnownFileType = sourcecode.c.h; path = dcfmtsym.h; sourceTree = "<group>"; };
		FDB073011572713B00FD605E /* decimfmt.h */ = {isa = PBXFileReference; fileEncoding = 4; lastKnownFileType = sourcecode.c.h; path = decimfmt.h; sourceTree = "<group>"; };
		FDB073021572713B00FD605E /* docmain.h */ = {isa = PBXFileReference; fileEncoding = 4; lastKnownFileType = sourcecode.c.h; path = docmain.h; sourceTree = "<group>"; };
		FDB073031572713B00FD605E /* dtfmtsym.h */ = {isa = PBXFileReference; fileEncoding = 4; lastKnownFileType = sourcecode.c.h; path = dtfmtsym.h; sourceTree = "<group>"; };
		FDB073041572713B00FD605E /* dtintrv.h */ = {isa = PBXFileReference; fileEncoding = 4; lastKnownFileType = sourcecode.c.h; path = dtintrv.h; sourceTree = "<group>"; };
		FDB073051572713B00FD605E /* dtitvfmt.h */ = {isa = PBXFileReference; fileEncoding = 4; lastKnownFileType = sourcecode.c.h; path = dtitvfmt.h; sourceTree = "<group>"; };
		FDB073061572713B00FD605E /* dtitvinf.h */ = {isa = PBXFileReference; fileEncoding = 4; lastKnownFileType = sourcecode.c.h; path = dtitvinf.h; sourceTree = "<group>"; };
		FDB073071572713B00FD605E /* dtptngen.h */ = {isa = PBXFileReference; fileEncoding = 4; lastKnownFileType = sourcecode.c.h; path = dtptngen.h; sourceTree = "<group>"; };
		FDB073081572713B00FD605E /* dtrule.h */ = {isa = PBXFileReference; fileEncoding = 4; lastKnownFileType = sourcecode.c.h; path = dtrule.h; sourceTree = "<group>"; };
		FDB073091572713B00FD605E /* errorcode.h */ = {isa = PBXFileReference; fileEncoding = 4; lastKnownFileType = sourcecode.c.h; path = errorcode.h; sourceTree = "<group>"; };
		FDB0730A1572713B00FD605E /* fieldpos.h */ = {isa = PBXFileReference; fileEncoding = 4; lastKnownFileType = sourcecode.c.h; path = fieldpos.h; sourceTree = "<group>"; };
		FDB0730B1572713B00FD605E /* fmtable.h */ = {isa = PBXFileReference; fileEncoding = 4; lastKnownFileType = sourcecode.c.h; path = fmtable.h; sourceTree = "<group>"; };
		FDB0730C1572713B00FD605E /* format.h */ = {isa = PBXFileReference; fileEncoding = 4; lastKnownFileType = sourcecode.c.h; path = format.h; sourceTree = "<group>"; };
		FDB0730D1572713B00FD605E /* fpositer.h */ = {isa = PBXFileReference; fileEncoding = 4; lastKnownFileType = sourcecode.c.h; path = fpositer.h; sourceTree = "<group>"; };
		FDB0730E1572713B00FD605E /* gregocal.h */ = {isa = PBXFileReference; fileEncoding = 4; lastKnownFileType = sourcecode.c.h; path = gregocal.h; sourceTree = "<group>"; };
		FDB0730F1572713B00FD605E /* icudataver.h */ = {isa = PBXFileReference; fileEncoding = 4; lastKnownFileType = sourcecode.c.h; path = icudataver.h; sourceTree = "<group>"; };
		FDB073101572713B00FD605E /* icuplug.h */ = {isa = PBXFileReference; fileEncoding = 4; lastKnownFileType = sourcecode.c.h; path = icuplug.h; sourceTree = "<group>"; };
		FDB073111572713B00FD605E /* idna.h */ = {isa = PBXFileReference; fileEncoding = 4; lastKnownFileType = sourcecode.c.h; path = idna.h; sourceTree = "<group>"; };
		FDB073121572713B00FD605E /* localpointer.h */ = {isa = PBXFileReference; fileEncoding = 4; lastKnownFileType = sourcecode.c.h; path = localpointer.h; sourceTree = "<group>"; };
		FDB073131572713B00FD605E /* locdspnm.h */ = {isa = PBXFileReference; fileEncoding = 4; lastKnownFileType = sourcecode.c.h; path = locdspnm.h; sourceTree = "<group>"; };
		FDB073141572713B00FD605E /* locid.h */ = {isa = PBXFileReference; fileEncoding = 4; lastKnownFileType = sourcecode.c.h; path = locid.h; sourceTree = "<group>"; };
		FDB073151572713B00FD605E /* measfmt.h */ = {isa = PBXFileReference; fileEncoding = 4; lastKnownFileType = sourcecode.c.h; path = measfmt.h; sourceTree = "<group>"; };
		FDB073161572713B00FD605E /* measunit.h */ = {isa = PBXFileReference; fileEncoding = 4; lastKnownFileType = sourcecode.c.h; path = measunit.h; sourceTree = "<group>"; };
		FDB073171572713B00FD605E /* measure.h */ = {isa = PBXFileReference; fileEncoding = 4; lastKnownFileType = sourcecode.c.h; path = measure.h; sourceTree = "<group>"; };
		FDB073181572713B00FD605E /* messagepattern.h */ = {isa = PBXFileReference; fileEncoding = 4; lastKnownFileType = sourcecode.c.h; path = messagepattern.h; sourceTree = "<group>"; };
		FDB073191572713B00FD605E /* msgfmt.h */ = {isa = PBXFileReference; fileEncoding = 4; lastKnownFileType = sourcecode.c.h; path = msgfmt.h; sourceTree = "<group>"; };
		FDB0731A1572713B00FD605E /* normalizer2.h */ = {isa = PBXFileReference; fileEncoding = 4; lastKnownFileType = sourcecode.c.h; path = normalizer2.h; sourceTree = "<group>"; };
		FDB0731B1572713B00FD605E /* normlzr.h */ = {isa = PBXFileReference; fileEncoding = 4; lastKnownFileType = sourcecode.c.h; path = normlzr.h; sourceTree = "<group>"; };
		FDB0731C1572713B00FD605E /* numfmt.h */ = {isa = PBXFileReference; fileEncoding = 4; lastKnownFileType = sourcecode.c.h; path = numfmt.h; sourceTree = "<group>"; };
		FDB0731D1572713B00FD605E /* numsys.h */ = {isa = PBXFileReference; fileEncoding = 4; lastKnownFileType = sourcecode.c.h; path = numsys.h; sourceTree = "<group>"; };
		FDB0731E1572713B00FD605E /* parseerr.h */ = {isa = PBXFileReference; fileEncoding = 4; lastKnownFileType = sourcecode.c.h; path = parseerr.h; sourceTree = "<group>"; };
		FDB0731F1572713B00FD605E /* parsepos.h */ = {isa = PBXFileReference; fileEncoding = 4; lastKnownFileType = sourcecode.c.h; path = parsepos.h; sourceTree = "<group>"; };
		FDB073201572713B00FD605E /* platform.h */ = {isa = PBXFileReference; fileEncoding = 4; lastKnownFileType = sourcecode.c.h; path = platform.h; sourceTree = "<group>"; };
		FDB073211572713B00FD605E /* plurfmt.h */ = {isa = PBXFileReference; fileEncoding = 4; lastKnownFileType = sourcecode.c.h; path = plurfmt.h; sourceTree = "<group>"; };
		FDB073221572713B00FD605E /* plurrule.h */ = {isa = PBXFileReference; fileEncoding = 4; lastKnownFileType = sourcecode.c.h; path = plurrule.h; sourceTree = "<group>"; };
		FDB073231572713B00FD605E /* ptypes.h */ = {isa = PBXFileReference; fileEncoding = 4; lastKnownFileType = sourcecode.c.h; path = ptypes.h; sourceTree = "<group>"; };
		FDB073241572713B00FD605E /* putil.h */ = {isa = PBXFileReference; fileEncoding = 4; lastKnownFileType = sourcecode.c.h; path = putil.h; sourceTree = "<group>"; };
		FDB073251572713B00FD605E /* rbbi.h */ = {isa = PBXFileReference; fileEncoding = 4; lastKnownFileType = sourcecode.c.h; path = rbbi.h; sourceTree = "<group>"; };
		FDB073261572713B00FD605E /* rbnf.h */ = {isa = PBXFileReference; fileEncoding = 4; lastKnownFileType = sourcecode.c.h; path = rbnf.h; sourceTree = "<group>"; };
		FDB073271572713B00FD605E /* rbtz.h */ = {isa = PBXFileReference; fileEncoding = 4; lastKnownFileType = sourcecode.c.h; path = rbtz.h; sourceTree = "<group>"; };
		FDB073281572713B00FD605E /* regex.h */ = {isa = PBXFileReference; fileEncoding = 4; lastKnownFileType = sourcecode.c.h; path = regex.h; sourceTree = "<group>"; };
		FDB073291572713B00FD605E /* rep.h */ = {isa = PBXFileReference; fileEncoding = 4; lastKnownFileType = sourcecode.c.h; path = rep.h; sourceTree = "<group>"; };
		FDB0732A1572713B00FD605E /* resbund.h */ = {isa = PBXFileReference; fileEncoding = 4; lastKnownFileType = sourcecode.c.h; path = resbund.h; sourceTree = "<group>"; };
		FDB0732B1572713B00FD605E /* schriter.h */ = {isa = PBXFileReference; fileEncoding = 4; lastKnownFileType = sourcecode.c.h; path = schriter.h; sourceTree = "<group>"; };
		FDB0732C1572713B00FD605E /* search.h */ = {isa = PBXFileReference; fileEncoding = 4; lastKnownFileType = sourcecode.c.h; path = search.h; sourceTree = "<group>"; };
		FDB0732D1572713B00FD605E /* selfmt.h */ = {isa = PBXFileReference; fileEncoding = 4; lastKnownFileType = sourcecode.c.h; path = selfmt.h; sourceTree = "<group>"; };
		FDB0732E1572713B00FD605E /* simpletz.h */ = {isa = PBXFileReference; fileEncoding = 4; lastKnownFileType = sourcecode.c.h; path = simpletz.h; sourceTree = "<group>"; };
		FDB0732F1572713B00FD605E /* smpdtfmt.h */ = {isa = PBXFileReference; fileEncoding = 4; lastKnownFileType = sourcecode.c.h; path = smpdtfmt.h; sourceTree = "<group>"; };
		FDB073301572713B00FD605E /* sortkey.h */ = {isa = PBXFileReference; fileEncoding = 4; lastKnownFileType = sourcecode.c.h; path = sortkey.h; sourceTree = "<group>"; };
		FDB073311572713B00FD605E /* std_string.h */ = {isa = PBXFileReference; fileEncoding = 4; lastKnownFileType = sourcecode.c.h; path = std_string.h; sourceTree = "<group>"; };
		FDB073321572713B00FD605E /* strenum.h */ = {isa = PBXFileReference; fileEncoding = 4; lastKnownFileType = sourcecode.c.h; path = strenum.h; sourceTree = "<group>"; };
		FDB073331572713B00FD605E /* stringpiece.h */ = {isa = PBXFileReference; fileEncoding = 4; lastKnownFileType = sourcecode.c.h; path = stringpiece.h; sourceTree = "<group>"; };
		FDB073341572713B00FD605E /* stringtriebuilder.h */ = {isa = PBXFileReference; fileEncoding = 4; lastKnownFileType = sourcecode.c.h; path = stringtriebuilder.h; sourceTree = "<group>"; };
		FDB073351572713B00FD605E /* stsearch.h */ = {isa = PBXFileReference; fileEncoding = 4; lastKnownFileType = sourcecode.c.h; path = stsearch.h; sourceTree = "<group>"; };
		FDB073361572713B00FD605E /* symtable.h */ = {isa = PBXFileReference; fileEncoding = 4; lastKnownFileType = sourcecode.c.h; path = symtable.h; sourceTree = "<group>"; };
		FDB073371572713B00FD605E /* tblcoll.h */ = {isa = PBXFileReference; fileEncoding = 4; lastKnownFileType = sourcecode.c.h; path = tblcoll.h; sourceTree = "<group>"; };
		FDB073381572713B00FD605E /* timezone.h */ = {isa = PBXFileReference; fileEncoding = 4; lastKnownFileType = sourcecode.c.h; path = timezone.h; sourceTree = "<group>"; };
		FDB073391572713B00FD605E /* tmunit.h */ = {isa = PBXFileReference; fileEncoding = 4; lastKnownFileType = sourcecode.c.h; path = tmunit.h; sourceTree = "<group>"; };
		FDB0733A1572713B00FD605E /* tmutamt.h */ = {isa = PBXFileReference; fileEncoding = 4; lastKnownFileType = sourcecode.c.h; path = tmutamt.h; sourceTree = "<group>"; };
		FDB0733B1572713B00FD605E /* tmutfmt.h */ = {isa = PBXFileReference; fileEncoding = 4; lastKnownFileType = sourcecode.c.h; path = tmutfmt.h; sourceTree = "<group>"; };
		FDB0733C1572713B00FD605E /* translit.h */ = {isa = PBXFileReference; fileEncoding = 4; lastKnownFileType = sourcecode.c.h; path = translit.h; sourceTree = "<group>"; };
		FDB0733D1572713B00FD605E /* tzfmt.h */ = {isa = PBXFileReference; fileEncoding = 4; lastKnownFileType = sourcecode.c.h; path = tzfmt.h; sourceTree = "<group>"; };
		FDB0733E1572713B00FD605E /* tznames.h */ = {isa = PBXFileReference; fileEncoding = 4; lastKnownFileType = sourcecode.c.h; path = tznames.h; sourceTree = "<group>"; };
		FDB0733F1572713B00FD605E /* tzrule.h */ = {isa = PBXFileReference; fileEncoding = 4; lastKnownFileType = sourcecode.c.h; path = tzrule.h; sourceTree = "<group>"; };
		FDB073401572713B00FD605E /* tztrans.h */ = {isa = PBXFileReference; fileEncoding = 4; lastKnownFileType = sourcecode.c.h; path = tztrans.h; sourceTree = "<group>"; };
		FDB073411572713B00FD605E /* ubidi.h */ = {isa = PBXFileReference; fileEncoding = 4; lastKnownFileType = sourcecode.c.h; path = ubidi.h; sourceTree = "<group>"; };
		FDB073421572713B00FD605E /* ubrk.h */ = {isa = PBXFileReference; fileEncoding = 4; lastKnownFileType = sourcecode.c.h; path = ubrk.h; sourceTree = "<group>"; };
		FDB073431572713B00FD605E /* ucal.h */ = {isa = PBXFileReference; fileEncoding = 4; lastKnownFileType = sourcecode.c.h; path = ucal.h; sourceTree = "<group>"; };
		FDB073441572713B00FD605E /* ucasemap.h */ = {isa = PBXFileReference; fileEncoding = 4; lastKnownFileType = sourcecode.c.h; path = ucasemap.h; sourceTree = "<group>"; };
		FDB073451572713B00FD605E /* ucat.h */ = {isa = PBXFileReference; fileEncoding = 4; lastKnownFileType = sourcecode.c.h; path = ucat.h; sourceTree = "<group>"; };
		FDB073461572713B00FD605E /* uchar.h */ = {isa = PBXFileReference; fileEncoding = 4; lastKnownFileType = sourcecode.c.h; path = uchar.h; sourceTree = "<group>"; };
		FDB073471572713B00FD605E /* ucharstrie.h */ = {isa = PBXFileReference; fileEncoding = 4; lastKnownFileType = sourcecode.c.h; path = ucharstrie.h; sourceTree = "<group>"; };
		FDB073481572713B00FD605E /* ucharstriebuilder.h */ = {isa = PBXFileReference; fileEncoding = 4; lastKnownFileType = sourcecode.c.h; path = ucharstriebuilder.h; sourceTree = "<group>"; };
		FDB073491572713B00FD605E /* uchriter.h */ = {isa = PBXFileReference; fileEncoding = 4; lastKnownFileType = sourcecode.c.h; path = uchriter.h; sourceTree = "<group>"; };
		FDB0734A1572713B00FD605E /* uclean.h */ = {isa = PBXFileReference; fileEncoding = 4; lastKnownFileType = sourcecode.c.h; path = uclean.h; sourceTree = "<group>"; };
		FDB0734B1572713B00FD605E /* ucnv.h */ = {isa = PBXFileReference; fileEncoding = 4; lastKnownFileType = sourcecode.c.h; path = ucnv.h; sourceTree = "<group>"; };
		FDB0734C1572713B00FD605E /* ucnv_cb.h */ = {isa = PBXFileReference; fileEncoding = 4; lastKnownFileType = sourcecode.c.h; path = ucnv_cb.h; sourceTree = "<group>"; };
		FDB0734D1572713B00FD605E /* ucnv_err.h */ = {isa = PBXFileReference; fileEncoding = 4; lastKnownFileType = sourcecode.c.h; path = ucnv_err.h; sourceTree = "<group>"; };
		FDB0734E1572713B00FD605E /* ucnvsel.h */ = {isa = PBXFileReference; fileEncoding = 4; lastKnownFileType = sourcecode.c.h; path = ucnvsel.h; sourceTree = "<group>"; };
		FDB0734F1572713B00FD605E /* ucol.h */ = {isa = PBXFileReference; fileEncoding = 4; lastKnownFileType = sourcecode.c.h; path = ucol.h; sourceTree = "<group>"; };
		FDB073501572713B00FD605E /* ucoleitr.h */ = {isa = PBXFileReference; fileEncoding = 4; lastKnownFileType = sourcecode.c.h; path = ucoleitr.h; sourceTree = "<group>"; };
		FDB073511572713B00FD605E /* uconfig.h */ = {isa = PBXFileReference; fileEncoding = 4; lastKnownFileType = sourcecode.c.h; path = uconfig.h; sourceTree = "<group>"; };
		FDB073521572713B00FD605E /* ucsdet.h */ = {isa = PBXFileReference; fileEncoding = 4; lastKnownFileType = sourcecode.c.h; path = ucsdet.h; sourceTree = "<group>"; };
		FDB073531572713B00FD605E /* ucurr.h */ = {isa = PBXFileReference; fileEncoding = 4; lastKnownFileType = sourcecode.c.h; path = ucurr.h; sourceTree = "<group>"; };
		FDB073541572713B00FD605E /* udat.h */ = {isa = PBXFileReference; fileEncoding = 4; lastKnownFileType = sourcecode.c.h; path = udat.h; sourceTree = "<group>"; };
		FDB073551572713B00FD605E /* udata.h */ = {isa = PBXFileReference; fileEncoding = 4; lastKnownFileType = sourcecode.c.h; path = udata.h; sourceTree = "<group>"; };
		FDB073561572713B00FD605E /* udateintervalformat.h */ = {isa = PBXFileReference; fileEncoding = 4; lastKnownFileType = sourcecode.c.h; path = udateintervalformat.h; sourceTree = "<group>"; };
		FDB073571572713B00FD605E /* udatpg.h */ = {isa = PBXFileReference; fileEncoding = 4; lastKnownFileType = sourcecode.c.h; path = udatpg.h; sourceTree = "<group>"; };
		FDB073581572713B00FD605E /* uenum.h */ = {isa = PBXFileReference; fileEncoding = 4; lastKnownFileType = sourcecode.c.h; path = uenum.h; sourceTree = "<group>"; };
		FDB073591572713B00FD605E /* uidna.h */ = {isa = PBXFileReference; fileEncoding = 4; lastKnownFileType = sourcecode.c.h; path = uidna.h; sourceTree = "<group>"; };
		FDB0735A1572713B00FD605E /* uiter.h */ = {isa = PBXFileReference; fileEncoding = 4; lastKnownFileType = sourcecode.c.h; path = uiter.h; sourceTree = "<group>"; };
		FDB0735B1572713B00FD605E /* uldnames.h */ = {isa = PBXFileReference; fileEncoding = 4; lastKnownFileType = sourcecode.c.h; path = uldnames.h; sourceTree = "<group>"; };
		FDB0735C1572713B00FD605E /* uloc.h */ = {isa = PBXFileReference; fileEncoding = 4; lastKnownFileType = sourcecode.c.h; path = uloc.h; sourceTree = "<group>"; };
		FDB0735D1572713B00FD605E /* ulocdata.h */ = {isa = PBXFileReference; fileEncoding = 4; lastKnownFileType = sourcecode.c.h; path = ulocdata.h; sourceTree = "<group>"; };
		FDB0735E1572713B00FD605E /* umachine.h */ = {isa = PBXFileReference; fileEncoding = 4; lastKnownFileType = sourcecode.c.h; path = umachine.h; sourceTree = "<group>"; };
		FDB0735F1572713B00FD605E /* umisc.h */ = {isa = PBXFileReference; fileEncoding = 4; lastKnownFileType = sourcecode.c.h; path = umisc.h; sourceTree = "<group>"; };
		FDB073601572713B00FD605E /* umsg.h */ = {isa = PBXFileReference; fileEncoding = 4; lastKnownFileType = sourcecode.c.h; path = umsg.h; sourceTree = "<group>"; };
		FDB073611572713B00FD605E /* unifilt.h */ = {isa = PBXFileReference; fileEncoding = 4; lastKnownFileType = sourcecode.c.h; path = unifilt.h; sourceTree = "<group>"; };
		FDB073621572713B00FD605E /* unifunct.h */ = {isa = PBXFileReference; fileEncoding = 4; lastKnownFileType = sourcecode.c.h; path = unifunct.h; sourceTree = "<group>"; };
		FDB073631572713B00FD605E /* unimatch.h */ = {isa = PBXFileReference; fileEncoding = 4; lastKnownFileType = sourcecode.c.h; path = unimatch.h; sourceTree = "<group>"; };
		FDB073641572713B00FD605E /* unirepl.h */ = {isa = PBXFileReference; fileEncoding = 4; lastKnownFileType = sourcecode.c.h; path = unirepl.h; sourceTree = "<group>"; };
		FDB073651572713B00FD605E /* uniset.h */ = {isa = PBXFileReference; fileEncoding = 4; lastKnownFileType = sourcecode.c.h; path = uniset.h; sourceTree = "<group>"; };
		FDB073661572713B00FD605E /* unistr.h */ = {isa = PBXFileReference; fileEncoding = 4; lastKnownFileType = sourcecode.c.h; path = unistr.h; sourceTree = "<group>"; };
		FDB073671572713B00FD605E /* unorm.h */ = {isa = PBXFileReference; fileEncoding = 4; lastKnownFileType = sourcecode.c.h; path = unorm.h; sourceTree = "<group>"; };
		FDB073681572713B00FD605E /* unorm2.h */ = {isa = PBXFileReference; fileEncoding = 4; lastKnownFileType = sourcecode.c.h; path = unorm2.h; sourceTree = "<group>"; };
		FDB073691572713B00FD605E /* unum.h */ = {isa = PBXFileReference; fileEncoding = 4; lastKnownFileType = sourcecode.c.h; path = unum.h; sourceTree = "<group>"; };
		FDB0736A1572713B00FD605E /* uobject.h */ = {isa = PBXFileReference; fileEncoding = 4; lastKnownFileType = sourcecode.c.h; path = uobject.h; sourceTree = "<group>"; };
		FDB0736B1572713B00FD605E /* upluralrules.h */ = {isa = PBXFileReference; fileEncoding = 4; lastKnownFileType = sourcecode.c.h; path = upluralrules.h; sourceTree = "<group>"; };
		FDB0736C1572713B00FD605E /* uregex.h */ = {isa = PBXFileReference; fileEncoding = 4; lastKnownFileType = sourcecode.c.h; path = uregex.h; sourceTree = "<group>"; };
		FDB0736D1572713B00FD605E /* urename.h */ = {isa = PBXFileReference; fileEncoding = 4; lastKnownFileType = sourcecode.c.h; path = urename.h; sourceTree = "<group>"; };
		FDB0736E1572713B00FD605E /* urep.h */ = {isa = PBXFileReference; fileEncoding = 4; lastKnownFileType = sourcecode.c.h; path = urep.h; sourceTree = "<group>"; };
		FDB0736F1572713B00FD605E /* ures.h */ = {isa = PBXFileReference; fileEncoding = 4; lastKnownFileType = sourcecode.c.h; path = ures.h; sourceTree = "<group>"; };
		FDB073701572713B00FD605E /* uscript.h */ = {isa = PBXFileReference; fileEncoding = 4; lastKnownFileType = sourcecode.c.h; path = uscript.h; sourceTree = "<group>"; };
		FDB073711572713B00FD605E /* usearch.h */ = {isa = PBXFileReference; fileEncoding = 4; lastKnownFileType = sourcecode.c.h; path = usearch.h; sourceTree = "<group>"; };
		FDB073721572713B00FD605E /* uset.h */ = {isa = PBXFileReference; fileEncoding = 4; lastKnownFileType = sourcecode.c.h; path = uset.h; sourceTree = "<group>"; };
		FDB073731572713B00FD605E /* usetiter.h */ = {isa = PBXFileReference; fileEncoding = 4; lastKnownFileType = sourcecode.c.h; path = usetiter.h; sourceTree = "<group>"; };
		FDB073741572713B00FD605E /* ushape.h */ = {isa = PBXFileReference; fileEncoding = 4; lastKnownFileType = sourcecode.c.h; path = ushape.h; sourceTree = "<group>"; };
		FDB073751572713B00FD605E /* uspoof.h */ = {isa = PBXFileReference; fileEncoding = 4; lastKnownFileType = sourcecode.c.h; path = uspoof.h; sourceTree = "<group>"; };
		FDB073761572713B00FD605E /* usprep.h */ = {isa = PBXFileReference; fileEncoding = 4; lastKnownFileType = sourcecode.c.h; path = usprep.h; sourceTree = "<group>"; };
		FDB073771572713B00FD605E /* ustdio.h */ = {isa = PBXFileReference; fileEncoding = 4; lastKnownFileType = sourcecode.c.h; path = ustdio.h; sourceTree = "<group>"; };
		FDB073781572713B00FD605E /* ustream.h */ = {isa = PBXFileReference; fileEncoding = 4; lastKnownFileType = sourcecode.c.h; path = ustream.h; sourceTree = "<group>"; };
		FDB073791572713B00FD605E /* ustring.h */ = {isa = PBXFileReference; fileEncoding = 4; lastKnownFileType = sourcecode.c.h; path = ustring.h; sourceTree = "<group>"; };
		FDB0737A1572713B00FD605E /* ustringtrie.h */ = {isa = PBXFileReference; fileEncoding = 4; lastKnownFileType = sourcecode.c.h; path = ustringtrie.h; sourceTree = "<group>"; };
		FDB0737B1572713B00FD605E /* utext.h */ = {isa = PBXFileReference; fileEncoding = 4; lastKnownFileType = sourcecode.c.h; path = utext.h; sourceTree = "<group>"; };
		FDB0737C1572713B00FD605E /* utf.h */ = {isa = PBXFileReference; fileEncoding = 4; lastKnownFileType = sourcecode.c.h; path = utf.h; sourceTree = "<group>"; };
		FDB0737D1572713B00FD605E /* utf16.h */ = {isa = PBXFileReference; fileEncoding = 4; lastKnownFileType = sourcecode.c.h; path = utf16.h; sourceTree = "<group>"; };
		FDB0737E1572713B00FD605E /* utf32.h */ = {isa = PBXFileReference; fileEncoding = 4; lastKnownFileType = sourcecode.c.h; path = utf32.h; sourceTree = "<group>"; };
		FDB0737F1572713B00FD605E /* utf8.h */ = {isa = PBXFileReference; fileEncoding = 4; lastKnownFileType = sourcecode.c.h; path = utf8.h; sourceTree = "<group>"; };
		FDB073801572713B00FD605E /* utf_old.h */ = {isa = PBXFileReference; fileEncoding = 4; lastKnownFileType = sourcecode.c.h; path = utf_old.h; sourceTree = "<group>"; };
		FDB073811572713B00FD605E /* utmscale.h */ = {isa = PBXFileReference; fileEncoding = 4; lastKnownFileType = sourcecode.c.h; path = utmscale.h; sourceTree = "<group>"; };
		FDB073821572713B00FD605E /* utrace.h */ = {isa = PBXFileReference; fileEncoding = 4; lastKnownFileType = sourcecode.c.h; path = utrace.h; sourceTree = "<group>"; };
		FDB073831572713B00FD605E /* utrans.h */ = {isa = PBXFileReference; fileEncoding = 4; lastKnownFileType = sourcecode.c.h; path = utrans.h; sourceTree = "<group>"; };
		FDB073841572713B00FD605E /* utypes.h */ = {isa = PBXFileReference; fileEncoding = 4; lastKnownFileType = sourcecode.c.h; path = utypes.h; sourceTree = "<group>"; };
		FDB073851572713B00FD605E /* uvernum.h */ = {isa = PBXFileReference; fileEncoding = 4; lastKnownFileType = sourcecode.c.h; path = uvernum.h; sourceTree = "<group>"; };
		FDB073861572713B00FD605E /* uversion.h */ = {isa = PBXFileReference; fileEncoding = 4; lastKnownFileType = sourcecode.c.h; path = uversion.h; sourceTree = "<group>"; };
		FDB073871572713B00FD605E /* vtzone.h */ = {isa = PBXFileReference; fileEncoding = 4; lastKnownFileType = sourcecode.c.h; path = vtzone.h; sourceTree = "<group>"; };
		FDB073921572713B00FD605E /* .gitignore */ = {isa = PBXFileReference; fileEncoding = 4; lastKnownFileType = text; path = .gitignore; sourceTree = "<group>"; };
		FDB073931572713B00FD605E /* libicudata.a */ = {isa = PBXFileReference; lastKnownFileType = archive.ar; path = libicudata.a; sourceTree = "<group>"; };
		FDB073941572713B00FD605E /* libicui18n.a */ = {isa = PBXFileReference; lastKnownFileType = archive.ar; path = libicui18n.a; sourceTree = "<group>"; };
		FDB073951572713B00FD605E /* libicuio.a */ = {isa = PBXFileReference; lastKnownFileType = archive.ar; path = libicuio.a; sourceTree = "<group>"; };
		FDB073961572713B00FD605E /* libicule.a */ = {isa = PBXFileReference; lastKnownFileType = archive.ar; path = libicule.a; sourceTree = "<group>"; };
		FDB073971572713B00FD605E /* libiculx.a */ = {isa = PBXFileReference; lastKnownFileType = archive.ar; path = libiculx.a; sourceTree = "<group>"; };
		FDB073981572713B00FD605E /* libicutest.a */ = {isa = PBXFileReference; lastKnownFileType = archive.ar; path = libicutest.a; sourceTree = "<group>"; };
		FDB073991572713B00FD605E /* libicutu.a */ = {isa = PBXFileReference; lastKnownFileType = archive.ar; path = libicutu.a; sourceTree = "<group>"; };
		FDB0739A1572713B00FD605E /* libicuuc.a */ = {isa = PBXFileReference; lastKnownFileType = archive.ar; path = libicuuc.a; sourceTree = "<group>"; };
/* End PBXFileReference section */

/* Begin PBXFrameworksBuildPhase section */
		E4B69B590A3A1756003C02F2 /* Frameworks */ = {
			isa = PBXFrameworksBuildPhase;
			buildActionMask = 2147483647;
			files = (
				E4EB6799138ADC1D00A09F29 /* GLUT.framework in Frameworks */,
				E4328149138ABC9F0047C5CB /* openFrameworksDebug.a in Frameworks */,
				E45BE97B0E8CC7DD009D7055 /* AGL.framework in Frameworks */,
				E45BE97C0E8CC7DD009D7055 /* ApplicationServices.framework in Frameworks */,
				E45BE97D0E8CC7DD009D7055 /* AudioToolbox.framework in Frameworks */,
				E45BE97E0E8CC7DD009D7055 /* Carbon.framework in Frameworks */,
				E45BE97F0E8CC7DD009D7055 /* CoreAudio.framework in Frameworks */,
				E45BE9800E8CC7DD009D7055 /* CoreFoundation.framework in Frameworks */,
				E45BE9810E8CC7DD009D7055 /* CoreServices.framework in Frameworks */,
				E45BE9830E8CC7DD009D7055 /* OpenGL.framework in Frameworks */,
				E45BE9840E8CC7DD009D7055 /* QuickTime.framework in Frameworks */,
				E4C2424710CC5A17004149E2 /* AppKit.framework in Frameworks */,
				E4C2424810CC5A17004149E2 /* Cocoa.framework in Frameworks */,
				E4C2424910CC5A17004149E2 /* IOKit.framework in Frameworks */,
				FDB0739F1572713C00FD605E /* libicudata.a in Frameworks */,
				FDB073A01572713C00FD605E /* libicui18n.a in Frameworks */,
				FDB073A11572713C00FD605E /* libicuio.a in Frameworks */,
				FDB073A21572713C00FD605E /* libicule.a in Frameworks */,
				FDB073A31572713C00FD605E /* libiculx.a in Frameworks */,
				FDB073A41572713C00FD605E /* libicutest.a in Frameworks */,
				FDB073A51572713C00FD605E /* libicutu.a in Frameworks */,
				FDB073A61572713C00FD605E /* libicuuc.a in Frameworks */,
			);
			runOnlyForDeploymentPostprocessing = 0;
		};
/* End PBXFrameworksBuildPhase section */

/* Begin PBXGroup section */
		BB4B014C10F69532006C3DED /* addons */ = {
			isa = PBXGroup;
			children = (
				FD7BF925156ECF430016022F /* ofxUnicode */,
			);
			name = addons;
			sourceTree = "<group>";
		};
		BBAB23C913894ECA00AA2426 /* system frameworks */ = {
			isa = PBXGroup;
			children = (
				E4C2424410CC5A17004149E2 /* AppKit.framework */,
				E4C2424510CC5A17004149E2 /* Cocoa.framework */,
				E4C2424610CC5A17004149E2 /* IOKit.framework */,
				E45BE9710E8CC7DD009D7055 /* AGL.framework */,
				E45BE9720E8CC7DD009D7055 /* ApplicationServices.framework */,
				E45BE9730E8CC7DD009D7055 /* AudioToolbox.framework */,
				E45BE9740E8CC7DD009D7055 /* Carbon.framework */,
				E45BE9750E8CC7DD009D7055 /* CoreAudio.framework */,
				E45BE9760E8CC7DD009D7055 /* CoreFoundation.framework */,
				E45BE9770E8CC7DD009D7055 /* CoreServices.framework */,
				E45BE9790E8CC7DD009D7055 /* OpenGL.framework */,
				E45BE97A0E8CC7DD009D7055 /* QuickTime.framework */,
			);
			name = "system frameworks";
			sourceTree = "<group>";
		};
		BBAB23CA13894EDB00AA2426 /* 3rd party frameworks */ = {
			isa = PBXGroup;
			children = (
				BBAB23BE13894E4700AA2426 /* GLUT.framework */,
			);
			name = "3rd party frameworks";
			sourceTree = "<group>";
		};
		E4328144138ABC890047C5CB /* Products */ = {
			isa = PBXGroup;
			children = (
				E4328148138ABC890047C5CB /* openFrameworksDebug.a */,
			);
			name = Products;
			sourceTree = "<group>";
		};
		E45BE5980E8CC70C009D7055 /* frameworks */ = {
			isa = PBXGroup;
			children = (
				BBAB23CA13894EDB00AA2426 /* 3rd party frameworks */,
				BBAB23C913894ECA00AA2426 /* system frameworks */,
			);
			name = frameworks;
			sourceTree = "<group>";
		};
		E4B69B4A0A3A1720003C02F2 = {
			isa = PBXGroup;
			children = (
				E4B6FCAD0C3E899E008CF71C /* openFrameworks-Info.plist */,
				E4EB6923138AFD0F00A09F29 /* Project.xcconfig */,
				E4B69E1C0A3A1BDC003C02F2 /* src */,
				E4EEC9E9138DF44700A80321 /* openFrameworks */,
				BB4B014C10F69532006C3DED /* addons */,
				E45BE5980E8CC70C009D7055 /* frameworks */,
				E4B69B5B0A3A1756003C02F2 /* ofxUnicodeExampleDebug.app */,
			);
			sourceTree = "<group>";
		};
		E4B69E1C0A3A1BDC003C02F2 /* src */ = {
			isa = PBXGroup;
			children = (
				E4B69E1D0A3A1BDC003C02F2 /* main.cpp */,
				E4B69E1E0A3A1BDC003C02F2 /* testApp.cpp */,
				E4B69E1F0A3A1BDC003C02F2 /* testApp.h */,
			);
			path = src;
			sourceTree = SOURCE_ROOT;
		};
		E4EEC9E9138DF44700A80321 /* openFrameworks */ = {
			isa = PBXGroup;
			children = (
				E4EB691F138AFCF100A09F29 /* CoreOF.xcconfig */,
				E4328143138ABC890047C5CB /* openFrameworksLib.xcodeproj */,
			);
			name = openFrameworks;
			sourceTree = "<group>";
		};
		FD7BF925156ECF430016022F /* ofxUnicode */ = {
			isa = PBXGroup;
			children = (
				FDE35817156F3BDF0084B43C /* libs */,
				FD7BF928156ECF5B0016022F /* src */,
			);
			name = ofxUnicode;
			sourceTree = "<group>";
		};
		FD7BF928156ECF5B0016022F /* src */ = {
			isa = PBXGroup;
			children = (
			);
			name = src;
			path = ../src;
			sourceTree = "<group>";
		};
		FDB072D91572713B00FD605E /* icu */ = {
			isa = PBXGroup;
			children = (
				FDB072DA1572713B00FD605E /* include */,
				FDB073881572713B00FD605E /* lib */,
			);
			path = icu;
			sourceTree = "<group>";
		};
		FDB072DA1572713B00FD605E /* include */ = {
			isa = PBXGroup;
			children = (
				FDB072DB1572713B00FD605E /* layout */,
				FDB072EA1572713B00FD605E /* unicode */,
			);
			path = include;
			sourceTree = "<group>";
		};
		FDB072DB1572713B00FD605E /* layout */ = {
			isa = PBXGroup;
			children = (
				FDB072DC1572713B00FD605E /* LayoutEngine.h */,
				FDB072DD1572713B00FD605E /* LEFontInstance.h */,
				FDB072DE1572713B00FD605E /* LEGlyphFilter.h */,
				FDB072DF1572713B00FD605E /* LEGlyphStorage.h */,
				FDB072E01572713B00FD605E /* LEInsertionList.h */,
				FDB072E11572713B00FD605E /* LELanguages.h */,
				FDB072E21572713B00FD605E /* LEScripts.h */,
				FDB072E31572713B00FD605E /* LESwaps.h */,
				FDB072E41572713B00FD605E /* LETypes.h */,
				FDB072E51572713B00FD605E /* loengine.h */,
				FDB072E61572713B00FD605E /* ParagraphLayout.h */,
				FDB072E71572713B00FD605E /* playout.h */,
				FDB072E81572713B00FD605E /* plruns.h */,
				FDB072E91572713B00FD605E /* RunArrays.h */,
			);
			path = layout;
			sourceTree = "<group>";
		};
		FDB072EA1572713B00FD605E /* unicode */ = {
			isa = PBXGroup;
			children = (
				FDB072EB1572713B00FD605E /* alphaindex.h */,
				FDB072EC1572713B00FD605E /* appendable.h */,
				FDB072ED1572713B00FD605E /* basictz.h */,
				FDB072EE1572713B00FD605E /* bms.h */,
				FDB072EF1572713B00FD605E /* bmsearch.h */,
				FDB072F01572713B00FD605E /* brkiter.h */,
				FDB072F11572713B00FD605E /* bytestream.h */,
				FDB072F21572713B00FD605E /* bytestrie.h */,
				FDB072F31572713B00FD605E /* bytestriebuilder.h */,
				FDB072F41572713B00FD605E /* calendar.h */,
				FDB072F51572713B00FD605E /* caniter.h */,
				FDB072F61572713B00FD605E /* chariter.h */,
				FDB072F71572713B00FD605E /* choicfmt.h */,
				FDB072F81572713B00FD605E /* coleitr.h */,
				FDB072F91572713B00FD605E /* coll.h */,
				FDB072FA1572713B00FD605E /* colldata.h */,
				FDB072FB1572713B00FD605E /* curramt.h */,
				FDB072FC1572713B00FD605E /* currpinf.h */,
				FDB072FD1572713B00FD605E /* currunit.h */,
				FDB072FE1572713B00FD605E /* datefmt.h */,
				FDB072FF1572713B00FD605E /* dbbi.h */,
				FDB073001572713B00FD605E /* dcfmtsym.h */,
				FDB073011572713B00FD605E /* decimfmt.h */,
				FDB073021572713B00FD605E /* docmain.h */,
				FDB073031572713B00FD605E /* dtfmtsym.h */,
				FDB073041572713B00FD605E /* dtintrv.h */,
				FDB073051572713B00FD605E /* dtitvfmt.h */,
				FDB073061572713B00FD605E /* dtitvinf.h */,
				FDB073071572713B00FD605E /* dtptngen.h */,
				FDB073081572713B00FD605E /* dtrule.h */,
				FDB073091572713B00FD605E /* errorcode.h */,
				FDB0730A1572713B00FD605E /* fieldpos.h */,
				FDB0730B1572713B00FD605E /* fmtable.h */,
				FDB0730C1572713B00FD605E /* format.h */,
				FDB0730D1572713B00FD605E /* fpositer.h */,
				FDB0730E1572713B00FD605E /* gregocal.h */,
				FDB0730F1572713B00FD605E /* icudataver.h */,
				FDB073101572713B00FD605E /* icuplug.h */,
				FDB073111572713B00FD605E /* idna.h */,
				FDB073121572713B00FD605E /* localpointer.h */,
				FDB073131572713B00FD605E /* locdspnm.h */,
				FDB073141572713B00FD605E /* locid.h */,
				FDB073151572713B00FD605E /* measfmt.h */,
				FDB073161572713B00FD605E /* measunit.h */,
				FDB073171572713B00FD605E /* measure.h */,
				FDB073181572713B00FD605E /* messagepattern.h */,
				FDB073191572713B00FD605E /* msgfmt.h */,
				FDB0731A1572713B00FD605E /* normalizer2.h */,
				FDB0731B1572713B00FD605E /* normlzr.h */,
				FDB0731C1572713B00FD605E /* numfmt.h */,
				FDB0731D1572713B00FD605E /* numsys.h */,
				FDB0731E1572713B00FD605E /* parseerr.h */,
				FDB0731F1572713B00FD605E /* parsepos.h */,
				FDB073201572713B00FD605E /* platform.h */,
				FDB073211572713B00FD605E /* plurfmt.h */,
				FDB073221572713B00FD605E /* plurrule.h */,
				FDB073231572713B00FD605E /* ptypes.h */,
				FDB073241572713B00FD605E /* putil.h */,
				FDB073251572713B00FD605E /* rbbi.h */,
				FDB073261572713B00FD605E /* rbnf.h */,
				FDB073271572713B00FD605E /* rbtz.h */,
				FDB073281572713B00FD605E /* regex.h */,
				FDB073291572713B00FD605E /* rep.h */,
				FDB0732A1572713B00FD605E /* resbund.h */,
				FDB0732B1572713B00FD605E /* schriter.h */,
				FDB0732C1572713B00FD605E /* search.h */,
				FDB0732D1572713B00FD605E /* selfmt.h */,
				FDB0732E1572713B00FD605E /* simpletz.h */,
				FDB0732F1572713B00FD605E /* smpdtfmt.h */,
				FDB073301572713B00FD605E /* sortkey.h */,
				FDB073311572713B00FD605E /* std_string.h */,
				FDB073321572713B00FD605E /* strenum.h */,
				FDB073331572713B00FD605E /* stringpiece.h */,
				FDB073341572713B00FD605E /* stringtriebuilder.h */,
				FDB073351572713B00FD605E /* stsearch.h */,
				FDB073361572713B00FD605E /* symtable.h */,
				FDB073371572713B00FD605E /* tblcoll.h */,
				FDB073381572713B00FD605E /* timezone.h */,
				FDB073391572713B00FD605E /* tmunit.h */,
				FDB0733A1572713B00FD605E /* tmutamt.h */,
				FDB0733B1572713B00FD605E /* tmutfmt.h */,
				FDB0733C1572713B00FD605E /* translit.h */,
				FDB0733D1572713B00FD605E /* tzfmt.h */,
				FDB0733E1572713B00FD605E /* tznames.h */,
				FDB0733F1572713B00FD605E /* tzrule.h */,
				FDB073401572713B00FD605E /* tztrans.h */,
				FDB073411572713B00FD605E /* ubidi.h */,
				FDB073421572713B00FD605E /* ubrk.h */,
				FDB073431572713B00FD605E /* ucal.h */,
				FDB073441572713B00FD605E /* ucasemap.h */,
				FDB073451572713B00FD605E /* ucat.h */,
				FDB073461572713B00FD605E /* uchar.h */,
				FDB073471572713B00FD605E /* ucharstrie.h */,
				FDB073481572713B00FD605E /* ucharstriebuilder.h */,
				FDB073491572713B00FD605E /* uchriter.h */,
				FDB0734A1572713B00FD605E /* uclean.h */,
				FDB0734B1572713B00FD605E /* ucnv.h */,
				FDB0734C1572713B00FD605E /* ucnv_cb.h */,
				FDB0734D1572713B00FD605E /* ucnv_err.h */,
				FDB0734E1572713B00FD605E /* ucnvsel.h */,
				FDB0734F1572713B00FD605E /* ucol.h */,
				FDB073501572713B00FD605E /* ucoleitr.h */,
				FDB073511572713B00FD605E /* uconfig.h */,
				FDB073521572713B00FD605E /* ucsdet.h */,
				FDB073531572713B00FD605E /* ucurr.h */,
				FDB073541572713B00FD605E /* udat.h */,
				FDB073551572713B00FD605E /* udata.h */,
				FDB073561572713B00FD605E /* udateintervalformat.h */,
				FDB073571572713B00FD605E /* udatpg.h */,
				FDB073581572713B00FD605E /* uenum.h */,
				FDB073591572713B00FD605E /* uidna.h */,
				FDB0735A1572713B00FD605E /* uiter.h */,
				FDB0735B1572713B00FD605E /* uldnames.h */,
				FDB0735C1572713B00FD605E /* uloc.h */,
				FDB0735D1572713B00FD605E /* ulocdata.h */,
				FDB0735E1572713B00FD605E /* umachine.h */,
				FDB0735F1572713B00FD605E /* umisc.h */,
				FDB073601572713B00FD605E /* umsg.h */,
				FDB073611572713B00FD605E /* unifilt.h */,
				FDB073621572713B00FD605E /* unifunct.h */,
				FDB073631572713B00FD605E /* unimatch.h */,
				FDB073641572713B00FD605E /* unirepl.h */,
				FDB073651572713B00FD605E /* uniset.h */,
				FDB073661572713B00FD605E /* unistr.h */,
				FDB073671572713B00FD605E /* unorm.h */,
				FDB073681572713B00FD605E /* unorm2.h */,
				FDB073691572713B00FD605E /* unum.h */,
				FDB0736A1572713B00FD605E /* uobject.h */,
				FDB0736B1572713B00FD605E /* upluralrules.h */,
				FDB0736C1572713B00FD605E /* uregex.h */,
				FDB0736D1572713B00FD605E /* urename.h */,
				FDB0736E1572713B00FD605E /* urep.h */,
				FDB0736F1572713B00FD605E /* ures.h */,
				FDB073701572713B00FD605E /* uscript.h */,
				FDB073711572713B00FD605E /* usearch.h */,
				FDB073721572713B00FD605E /* uset.h */,
				FDB073731572713B00FD605E /* usetiter.h */,
				FDB073741572713B00FD605E /* ushape.h */,
				FDB073751572713B00FD605E /* uspoof.h */,
				FDB073761572713B00FD605E /* usprep.h */,
				FDB073771572713B00FD605E /* ustdio.h */,
				FDB073781572713B00FD605E /* ustream.h */,
				FDB073791572713B00FD605E /* ustring.h */,
				FDB0737A1572713B00FD605E /* ustringtrie.h */,
				FDB0737B1572713B00FD605E /* utext.h */,
				FDB0737C1572713B00FD605E /* utf.h */,
				FDB0737D1572713B00FD605E /* utf16.h */,
				FDB0737E1572713B00FD605E /* utf32.h */,
				FDB0737F1572713B00FD605E /* utf8.h */,
				FDB073801572713B00FD605E /* utf_old.h */,
				FDB073811572713B00FD605E /* utmscale.h */,
				FDB073821572713B00FD605E /* utrace.h */,
				FDB073831572713B00FD605E /* utrans.h */,
				FDB073841572713B00FD605E /* utypes.h */,
				FDB073851572713B00FD605E /* uvernum.h */,
				FDB073861572713B00FD605E /* uversion.h */,
				FDB073871572713B00FD605E /* vtzone.h */,
			);
			path = unicode;
			sourceTree = "<group>";
		};
		FDB073881572713B00FD605E /* lib */ = {
			isa = PBXGroup;
			children = (
				FDB073911572713B00FD605E /* osx */,
			);
			path = lib;
			sourceTree = "<group>";
		};
		FDB073911572713B00FD605E /* osx */ = {
			isa = PBXGroup;
			children = (
				FDB073921572713B00FD605E /* .gitignore */,
				FDB073931572713B00FD605E /* libicudata.a */,
				FDB073941572713B00FD605E /* libicui18n.a */,
				FDB073951572713B00FD605E /* libicuio.a */,
				FDB073961572713B00FD605E /* libicule.a */,
				FDB073971572713B00FD605E /* libiculx.a */,
				FDB073981572713B00FD605E /* libicutest.a */,
				FDB073991572713B00FD605E /* libicutu.a */,
				FDB0739A1572713B00FD605E /* libicuuc.a */,
			);
			path = osx;
			sourceTree = "<group>";
		};
		FDE35817156F3BDF0084B43C /* libs */ = {
			isa = PBXGroup;
			children = (
				FDB072D91572713B00FD605E /* icu */,
			);
			name = libs;
			path = ../libs;
			sourceTree = "<group>";
		};
/* End PBXGroup section */

/* Begin PBXNativeTarget section */
		E4B69B5A0A3A1756003C02F2 /* ofxUnicodeExample */ = {
			isa = PBXNativeTarget;
			buildConfigurationList = E4B69B5F0A3A1757003C02F2 /* Build configuration list for PBXNativeTarget "ofxUnicodeExample" */;
			buildPhases = (
				E4B69B580A3A1756003C02F2 /* Sources */,
				E4B69B590A3A1756003C02F2 /* Frameworks */,
				E4B6FFFD0C3F9AB9008CF71C /* ShellScript */,
				E4C2427710CC5ABF004149E2 /* CopyFiles */,
			);
			buildRules = (
			);
			dependencies = (
				E4EEB9AC138B136A00A80321 /* PBXTargetDependency */,
			);
			name = ofxUnicodeExample;
			productName = myOFApp;
			productReference = E4B69B5B0A3A1756003C02F2 /* ofxUnicodeExampleDebug.app */;
			productType = "com.apple.product-type.application";
		};
/* End PBXNativeTarget section */

/* Begin PBXProject section */
		E4B69B4C0A3A1720003C02F2 /* Project object */ = {
			isa = PBXProject;
			buildConfigurationList = E4B69B4D0A3A1720003C02F2 /* Build configuration list for PBXProject "ofxUnicodeExample" */;
			compatibilityVersion = "Xcode 2.4";
			developmentRegion = English;
			hasScannedForEncodings = 0;
			knownRegions = (
				English,
				Japanese,
				French,
				German,
			);
			mainGroup = E4B69B4A0A3A1720003C02F2;
			productRefGroup = E4B69B4A0A3A1720003C02F2;
			projectDirPath = "";
			projectReferences = (
				{
					ProductGroup = E4328144138ABC890047C5CB /* Products */;
					ProjectRef = E4328143138ABC890047C5CB /* openFrameworksLib.xcodeproj */;
				},
			);
			projectRoot = "";
			targets = (
				E4B69B5A0A3A1756003C02F2 /* ofxUnicodeExample */,
			);
		};
/* End PBXProject section */

/* Begin PBXReferenceProxy section */
		E4328148138ABC890047C5CB /* openFrameworksDebug.a */ = {
			isa = PBXReferenceProxy;
			fileType = archive.ar;
			path = openFrameworksDebug.a;
			remoteRef = E4328147138ABC890047C5CB /* PBXContainerItemProxy */;
			sourceTree = BUILT_PRODUCTS_DIR;
		};
/* End PBXReferenceProxy section */

/* Begin PBXShellScriptBuildPhase section */
		E4B6FFFD0C3F9AB9008CF71C /* ShellScript */ = {
			isa = PBXShellScriptBuildPhase;
			buildActionMask = 2147483647;
			files = (
			);
			inputPaths = (
			);
			outputPaths = (
			);
			runOnlyForDeploymentPostprocessing = 0;
			shellPath = /bin/sh;
			shellScript = "cp -f ../../../libs/fmodex/lib/osx/libfmodex.dylib \"$TARGET_BUILD_DIR/$PRODUCT_NAME.app/Contents/MacOS/libfmodex.dylib\"; install_name_tool -change ./libfmodex.dylib @executable_path/libfmodex.dylib \"$TARGET_BUILD_DIR/$PRODUCT_NAME.app/Contents/MacOS/$PRODUCT_NAME\";";
		};
/* End PBXShellScriptBuildPhase section */

/* Begin PBXSourcesBuildPhase section */
		E4B69B580A3A1756003C02F2 /* Sources */ = {
			isa = PBXSourcesBuildPhase;
			buildActionMask = 2147483647;
			files = (
				E4B69E200A3A1BDC003C02F2 /* main.cpp in Sources */,
				E4B69E210A3A1BDC003C02F2 /* testApp.cpp in Sources */,
			);
			runOnlyForDeploymentPostprocessing = 0;
		};
/* End PBXSourcesBuildPhase section */

/* Begin PBXTargetDependency section */
		E4EEB9AC138B136A00A80321 /* PBXTargetDependency */ = {
			isa = PBXTargetDependency;
			name = openFrameworks;
			targetProxy = E4EEB9AB138B136A00A80321 /* PBXContainerItemProxy */;
		};
/* End PBXTargetDependency section */

/* Begin XCBuildConfiguration section */
		E4B69B4E0A3A1720003C02F2 /* Debug */ = {
			isa = XCBuildConfiguration;
			baseConfigurationReference = E4EB6923138AFD0F00A09F29 /* Project.xcconfig */;
			buildSettings = {
				ARCHS = "$(NATIVE_ARCH)";
				CONFIGURATION_BUILD_DIR = "$(SRCROOT)/bin/";
				COPY_PHASE_STRIP = NO;
				DEAD_CODE_STRIPPING = YES;
				GCC_AUTO_VECTORIZATION = YES;
				GCC_ENABLE_SSE3_EXTENSIONS = YES;
				GCC_ENABLE_SUPPLEMENTAL_SSE3_INSTRUCTIONS = YES;
				GCC_INLINES_ARE_PRIVATE_EXTERN = NO;
				GCC_MODEL_TUNING = G5;
				GCC_SYMBOLS_PRIVATE_EXTERN = NO;
				GCC_WARN_ABOUT_DEPRECATED_FUNCTIONS = NO;
				GCC_WARN_ABOUT_INVALID_OFFSETOF_MACRO = NO;
				GCC_WARN_ALLOW_INCOMPLETE_PROTOCOL = NO;
				GCC_WARN_UNINITIALIZED_AUTOS = NO;
				GCC_WARN_UNUSED_VALUE = NO;
				GCC_WARN_UNUSED_VARIABLE = NO;
				OTHER_CPLUSPLUSFLAGS = (
					"-D__MACOSX_CORE__",
					"-lpthread",
				);
			};
			name = Debug;
		};
		E4B69B4F0A3A1720003C02F2 /* Release */ = {
			isa = XCBuildConfiguration;
			baseConfigurationReference = E4EB6923138AFD0F00A09F29 /* Project.xcconfig */;
			buildSettings = {
				ARCHS = "$(NATIVE_ARCH)";
				CONFIGURATION_BUILD_DIR = "$(SRCROOT)/bin/";
				COPY_PHASE_STRIP = YES;
				DEAD_CODE_STRIPPING = YES;
				GCC_AUTO_VECTORIZATION = YES;
				GCC_ENABLE_SSE3_EXTENSIONS = YES;
				GCC_ENABLE_SUPPLEMENTAL_SSE3_INSTRUCTIONS = YES;
				GCC_INLINES_ARE_PRIVATE_EXTERN = NO;
				GCC_MODEL_TUNING = G5;
				GCC_OPTIMIZATION_LEVEL = 3;
				GCC_SYMBOLS_PRIVATE_EXTERN = NO;
				GCC_UNROLL_LOOPS = YES;
				GCC_WARN_ABOUT_DEPRECATED_FUNCTIONS = NO;
				GCC_WARN_ABOUT_INVALID_OFFSETOF_MACRO = NO;
				GCC_WARN_ALLOW_INCOMPLETE_PROTOCOL = NO;
				GCC_WARN_UNINITIALIZED_AUTOS = NO;
				GCC_WARN_UNUSED_VALUE = NO;
				GCC_WARN_UNUSED_VARIABLE = NO;
				OTHER_CPLUSPLUSFLAGS = (
					"-D__MACOSX_CORE__",
					"-lpthread",
				);
			};
			name = Release;
		};
		E4B69B600A3A1757003C02F2 /* Debug */ = {
			isa = XCBuildConfiguration;
			buildSettings = {
				COPY_PHASE_STRIP = NO;
				FRAMEWORK_SEARCH_PATHS = (
					"$(inherited)",
					"$(FRAMEWORK_SEARCH_PATHS_QUOTED_FOR_TARGET_1)",
				);
				FRAMEWORK_SEARCH_PATHS_QUOTED_FOR_TARGET_1 = "\"$(SRCROOT)/../../../libs/glut/lib/osx\"";
				GCC_DYNAMIC_NO_PIC = NO;
				GCC_ENABLE_FIX_AND_CONTINUE = YES;
				GCC_GENERATE_DEBUGGING_SYMBOLS = YES;
				GCC_MODEL_TUNING = G4;
				GCC_PRECOMPILE_PREFIX_HEADER = YES;
				GCC_PREFIX_HEADER = "$(SYSTEM_LIBRARY_DIR)/Frameworks/Carbon.framework/Headers/Carbon.h";
				INFOPLIST_FILE = "openFrameworks-Info.plist";
				INSTALL_PATH = "$(HOME)/Applications";
				LIBRARY_SEARCH_PATHS = (
					"$(inherited)",
					"$(LIBRARY_SEARCH_PATHS_QUOTED_FOR_TARGET_1)",
					"$(LIBRARY_SEARCH_PATHS_QUOTED_FOR_TARGET_2)",
					"$(LIBRARY_SEARCH_PATHS_QUOTED_FOR_TARGET_3)",
					"$(LIBRARY_SEARCH_PATHS_QUOTED_FOR_TARGET_4)",
					"$(LIBRARY_SEARCH_PATHS_QUOTED_FOR_TARGET_5)",
					"$(LIBRARY_SEARCH_PATHS_QUOTED_FOR_TARGET_6)",
					"$(LIBRARY_SEARCH_PATHS_QUOTED_FOR_TARGET_7)",
					"$(LIBRARY_SEARCH_PATHS_QUOTED_FOR_TARGET_8)",
					"$(LIBRARY_SEARCH_PATHS_QUOTED_FOR_TARGET_9)",
					"$(LIBRARY_SEARCH_PATHS_QUOTED_FOR_TARGET_10)",
					"$(LIBRARY_SEARCH_PATHS_QUOTED_FOR_TARGET_11)",
					"$(LIBRARY_SEARCH_PATHS_QUOTED_FOR_TARGET_12)",
					"$(LIBRARY_SEARCH_PATHS_QUOTED_FOR_TARGET_13)",
					"$(LIBRARY_SEARCH_PATHS_QUOTED_FOR_TARGET_14)",
					"$(LIBRARY_SEARCH_PATHS_QUOTED_FOR_TARGET_15)",
					"$(LIBRARY_SEARCH_PATHS_QUOTED_FOR_TARGET_2)",
					"$(LIBRARY_SEARCH_PATHS_QUOTED_FOR_TARGET_3)",
					"$(LIBRARY_SEARCH_PATHS_QUOTED_FOR_TARGET_7)",
					"$(LIBRARY_SEARCH_PATHS_QUOTED_FOR_TARGET_8)",
					"$(LIBRARY_SEARCH_PATHS_QUOTED_FOR_TARGET_9)",
					"$(LIBRARY_SEARCH_PATHS_QUOTED_FOR_TARGET_10)",
					"$(LIBRARY_SEARCH_PATHS_QUOTED_FOR_TARGET_11)",
					"$(LIBRARY_SEARCH_PATHS_QUOTED_FOR_TARGET_12)",
					"$(LIBRARY_SEARCH_PATHS_QUOTED_FOR_TARGET_13)",
					"$(LIBRARY_SEARCH_PATHS_QUOTED_FOR_TARGET_16)",
					"$(LIBRARY_SEARCH_PATHS_QUOTED_FOR_TARGET_17)",
					"$(LIBRARY_SEARCH_PATHS_QUOTED_FOR_TARGET_18)",
					"$(LIBRARY_SEARCH_PATHS_QUOTED_FOR_TARGET_19)",
					"$(LIBRARY_SEARCH_PATHS_QUOTED_FOR_TARGET_20)",
					"$(LIBRARY_SEARCH_PATHS_QUOTED_FOR_TARGET_21)",
					"$(LIBRARY_SEARCH_PATHS_QUOTED_FOR_TARGET_22)",
					"$(LIBRARY_SEARCH_PATHS_QUOTED_FOR_TARGET_23)",
					"$(LIBRARY_SEARCH_PATHS_QUOTED_FOR_TARGET_24)",
					"$(LIBRARY_SEARCH_PATHS_QUOTED_FOR_TARGET_25)",
					"$(LIBRARY_SEARCH_PATHS_QUOTED_FOR_TARGET_26)",
					"$(LIBRARY_SEARCH_PATHS_QUOTED_FOR_TARGET_27)",
					"$(LIBRARY_SEARCH_PATHS_QUOTED_FOR_TARGET_28)",
					"$(LIBRARY_SEARCH_PATHS_QUOTED_FOR_TARGET_29)",
					"$(LIBRARY_SEARCH_PATHS_QUOTED_FOR_TARGET_30)",
					"$(LIBRARY_SEARCH_PATHS_QUOTED_FOR_TARGET_31)",
					"$(LIBRARY_SEARCH_PATHS_QUOTED_FOR_TARGET_32)",
					"$(LIBRARY_SEARCH_PATHS_QUOTED_FOR_TARGET_33)",
					"$(LIBRARY_SEARCH_PATHS_QUOTED_FOR_TARGET_34)",
					"$(LIBRARY_SEARCH_PATHS_QUOTED_FOR_TARGET_35)",
					"$(LIBRARY_SEARCH_PATHS_QUOTED_FOR_TARGET_36)",
					"$(LIBRARY_SEARCH_PATHS_QUOTED_FOR_TARGET_37)",
					"$(LIBRARY_SEARCH_PATHS_QUOTED_FOR_TARGET_38)",
					"$(LIBRARY_SEARCH_PATHS_QUOTED_FOR_TARGET_39)",
					"$(LIBRARY_SEARCH_PATHS_QUOTED_FOR_TARGET_40)",
					"$(LIBRARY_SEARCH_PATHS_QUOTED_FOR_TARGET_41)",
					"$(LIBRARY_SEARCH_PATHS_QUOTED_FOR_TARGET_42)",
					"$(LIBRARY_SEARCH_PATHS_QUOTED_FOR_TARGET_43)",
					"$(LIBRARY_SEARCH_PATHS_QUOTED_FOR_TARGET_44)",
					"$(LIBRARY_SEARCH_PATHS_QUOTED_FOR_TARGET_45)",
					"$(LIBRARY_SEARCH_PATHS_QUOTED_FOR_TARGET_46)",
					"$(LIBRARY_SEARCH_PATHS_QUOTED_FOR_TARGET_47)",
					"$(LIBRARY_SEARCH_PATHS_QUOTED_FOR_TARGET_48)",
					"$(LIBRARY_SEARCH_PATHS_QUOTED_FOR_TARGET_49)",
					"$(LIBRARY_SEARCH_PATHS_QUOTED_FOR_TARGET_50)",
					"$(LIBRARY_SEARCH_PATHS_QUOTED_FOR_TARGET_51)",
					"$(LIBRARY_SEARCH_PATHS_QUOTED_FOR_TARGET_52)",
					"$(LIBRARY_SEARCH_PATHS_QUOTED_FOR_TARGET_1)",
				);
				LIBRARY_SEARCH_PATHS_QUOTED_FOR_TARGET_1 = "\"$(SRCROOT)/../libs/icu/lib/osx\"";
				PREBINDING = NO;
				PRODUCT_NAME = "$(TARGET_NAME)Debug";
				WRAPPER_EXTENSION = app;
			};
			name = Debug;
		};
		E4B69B610A3A1757003C02F2 /* Release */ = {
			isa = XCBuildConfiguration;
			buildSettings = {
				COPY_PHASE_STRIP = YES;
				FRAMEWORK_SEARCH_PATHS = (
					"$(inherited)",
					"$(FRAMEWORK_SEARCH_PATHS_QUOTED_FOR_TARGET_1)",
				);
				FRAMEWORK_SEARCH_PATHS_QUOTED_FOR_TARGET_1 = "\"$(SRCROOT)/../../../libs/glut/lib/osx\"";
				GCC_ENABLE_FIX_AND_CONTINUE = NO;
				GCC_GENERATE_DEBUGGING_SYMBOLS = NO;
				GCC_MODEL_TUNING = G4;
				GCC_PRECOMPILE_PREFIX_HEADER = YES;
				GCC_PREFIX_HEADER = "$(SYSTEM_LIBRARY_DIR)/Frameworks/Carbon.framework/Headers/Carbon.h";
				INFOPLIST_FILE = "openFrameworks-Info.plist";
				INSTALL_PATH = "$(HOME)/Applications";
				LIBRARY_SEARCH_PATHS = (
					"$(inherited)",
					"$(LIBRARY_SEARCH_PATHS_QUOTED_FOR_TARGET_1)",
					"$(LIBRARY_SEARCH_PATHS_QUOTED_FOR_TARGET_2)",
					"$(LIBRARY_SEARCH_PATHS_QUOTED_FOR_TARGET_3)",
					"$(LIBRARY_SEARCH_PATHS_QUOTED_FOR_TARGET_4)",
					"$(LIBRARY_SEARCH_PATHS_QUOTED_FOR_TARGET_5)",
					"$(LIBRARY_SEARCH_PATHS_QUOTED_FOR_TARGET_6)",
					"$(LIBRARY_SEARCH_PATHS_QUOTED_FOR_TARGET_7)",
					"$(LIBRARY_SEARCH_PATHS_QUOTED_FOR_TARGET_8)",
					"$(LIBRARY_SEARCH_PATHS_QUOTED_FOR_TARGET_9)",
					"$(LIBRARY_SEARCH_PATHS_QUOTED_FOR_TARGET_10)",
					"$(LIBRARY_SEARCH_PATHS_QUOTED_FOR_TARGET_11)",
					"$(LIBRARY_SEARCH_PATHS_QUOTED_FOR_TARGET_12)",
					"$(LIBRARY_SEARCH_PATHS_QUOTED_FOR_TARGET_13)",
					"$(LIBRARY_SEARCH_PATHS_QUOTED_FOR_TARGET_14)",
					"$(LIBRARY_SEARCH_PATHS_QUOTED_FOR_TARGET_15)",
					"$(LIBRARY_SEARCH_PATHS_QUOTED_FOR_TARGET_2)",
					"$(LIBRARY_SEARCH_PATHS_QUOTED_1)",
					"$(LIBRARY_SEARCH_PATHS_QUOTED_FOR_TARGET_3)",
					"$(LIBRARY_SEARCH_PATHS_QUOTED_FOR_TARGET_7)",
					"$(LIBRARY_SEARCH_PATHS_QUOTED_FOR_TARGET_8)",
					"$(LIBRARY_SEARCH_PATHS_QUOTED_FOR_TARGET_9)",
					"$(LIBRARY_SEARCH_PATHS_QUOTED_FOR_TARGET_10)",
					"$(LIBRARY_SEARCH_PATHS_QUOTED_FOR_TARGET_11)",
					"$(LIBRARY_SEARCH_PATHS_QUOTED_FOR_TARGET_12)",
					"$(LIBRARY_SEARCH_PATHS_QUOTED_FOR_TARGET_13)",
					"$(LIBRARY_SEARCH_PATHS_QUOTED_FOR_TARGET_16)",
					"$(LIBRARY_SEARCH_PATHS_QUOTED_FOR_TARGET_17)",
					"$(LIBRARY_SEARCH_PATHS_QUOTED_FOR_TARGET_18)",
					"$(LIBRARY_SEARCH_PATHS_QUOTED_FOR_TARGET_19)",
					"$(LIBRARY_SEARCH_PATHS_QUOTED_FOR_TARGET_20)",
					"$(LIBRARY_SEARCH_PATHS_QUOTED_FOR_TARGET_21)",
					"$(LIBRARY_SEARCH_PATHS_QUOTED_FOR_TARGET_22)",
					"$(LIBRARY_SEARCH_PATHS_QUOTED_FOR_TARGET_23)",
					"$(LIBRARY_SEARCH_PATHS_QUOTED_FOR_TARGET_24)",
					"$(LIBRARY_SEARCH_PATHS_QUOTED_FOR_TARGET_25)",
					"$(LIBRARY_SEARCH_PATHS_QUOTED_FOR_TARGET_26)",
					"$(LIBRARY_SEARCH_PATHS_QUOTED_FOR_TARGET_27)",
					"$(LIBRARY_SEARCH_PATHS_QUOTED_FOR_TARGET_28)",
					"$(LIBRARY_SEARCH_PATHS_QUOTED_FOR_TARGET_29)",
					"$(LIBRARY_SEARCH_PATHS_QUOTED_FOR_TARGET_30)",
					"$(LIBRARY_SEARCH_PATHS_QUOTED_FOR_TARGET_31)",
					"$(LIBRARY_SEARCH_PATHS_QUOTED_FOR_TARGET_32)",
					"$(LIBRARY_SEARCH_PATHS_QUOTED_FOR_TARGET_33)",
					"$(LIBRARY_SEARCH_PATHS_QUOTED_FOR_TARGET_34)",
					"$(LIBRARY_SEARCH_PATHS_QUOTED_FOR_TARGET_35)",
					"$(LIBRARY_SEARCH_PATHS_QUOTED_FOR_TARGET_36)",
					"$(LIBRARY_SEARCH_PATHS_QUOTED_FOR_TARGET_37)",
					"$(LIBRARY_SEARCH_PATHS_QUOTED_FOR_TARGET_38)",
					"$(LIBRARY_SEARCH_PATHS_QUOTED_FOR_TARGET_39)",
					"$(LIBRARY_SEARCH_PATHS_QUOTED_FOR_TARGET_40)",
					"$(LIBRARY_SEARCH_PATHS_QUOTED_FOR_TARGET_41)",
					"$(LIBRARY_SEARCH_PATHS_QUOTED_FOR_TARGET_42)",
					"$(LIBRARY_SEARCH_PATHS_QUOTED_FOR_TARGET_43)",
					"$(LIBRARY_SEARCH_PATHS_QUOTED_FOR_TARGET_44)",
					"$(LIBRARY_SEARCH_PATHS_QUOTED_FOR_TARGET_45)",
					"$(LIBRARY_SEARCH_PATHS_QUOTED_FOR_TARGET_46)",
					"$(LIBRARY_SEARCH_PATHS_QUOTED_FOR_TARGET_47)",
					"$(LIBRARY_SEARCH_PATHS_QUOTED_FOR_TARGET_48)",
					"$(LIBRARY_SEARCH_PATHS_QUOTED_FOR_TARGET_49)",
					"$(LIBRARY_SEARCH_PATHS_QUOTED_FOR_TARGET_50)",
					"$(LIBRARY_SEARCH_PATHS_QUOTED_FOR_TARGET_51)",
					"$(LIBRARY_SEARCH_PATHS_QUOTED_FOR_TARGET_1)",
				);
				LIBRARY_SEARCH_PATHS_QUOTED_FOR_TARGET_1 = "\"$(SRCROOT)/../libs/icu/lib/osx\"";
				PREBINDING = NO;
				PRODUCT_NAME = "$(TARGET_NAME)";
				WRAPPER_EXTENSION = app;
			};
			name = Release;
		};
/* End XCBuildConfiguration section */

/* Begin XCConfigurationList section */
		E4B69B4D0A3A1720003C02F2 /* Build configuration list for PBXProject "ofxUnicodeExample" */ = {
			isa = XCConfigurationList;
			buildConfigurations = (
				E4B69B4E0A3A1720003C02F2 /* Debug */,
				E4B69B4F0A3A1720003C02F2 /* Release */,
			);
			defaultConfigurationIsVisible = 0;
			defaultConfigurationName = Release;
		};
		E4B69B5F0A3A1757003C02F2 /* Build configuration list for PBXNativeTarget "ofxUnicodeExample" */ = {
			isa = XCConfigurationList;
			buildConfigurations = (
				E4B69B600A3A1757003C02F2 /* Debug */,
				E4B69B610A3A1757003C02F2 /* Release */,
			);
			defaultConfigurationIsVisible = 0;
			defaultConfigurationName = Release;
		};
/* End XCConfigurationList section */
	};
	rootObject = E4B69B4C0A3A1720003C02F2 /* Project object */;
}
